
Microsoft Visual Studio Solution File, Format Version 12.00
# Visual Studio Version 16
VisualStudioVersion = 16.0.31424.327
MinimumVisualStudioVersion = 10.0.40219.1
Project("{FAE04EC0-301F-11D3-BF4B-00C04F79EFBC}") = "OOAD_LR3_LR4", "OOAD-LR3\OOAD_LR3_LR4.csproj", "{BC4279B8-22B1-41BA-8BE5-BA431FA4EE02}"
EndProject
Project("{FAE04EC0-301F-11D3-BF4B-00C04F79EFBC}") = "TestQueue", "TestQueue\TestQueue.csproj", "{0E861475-2DE0-4372-9B4B-A2FD89BEC2F9}"
	ProjectSection(ProjectDependencies) = postProject
		{BC4279B8-22B1-41BA-8BE5-BA431FA4EE02} = {BC4279B8-22B1-41BA-8BE5-BA431FA4EE02}
	EndProjectSection
EndProject
Global
	GlobalSection(SolutionConfigurationPlatforms) = preSolution
		Debug|Any CPU = Debug|Any CPU
		Release|Any CPU = Release|Any CPU
	EndGlobalSection
	GlobalSection(ProjectConfigurationPlatforms) = postSolution
		{BC4279B8-22B1-41BA-8BE5-BA431FA4EE02}.Debug|Any CPU.ActiveCfg = Debug|Any CPU
		{BC4279B8-22B1-41BA-8BE5-BA431FA4EE02}.Debug|Any CPU.Build.0 = Debug|Any CPU
		{BC4279B8-22B1-41BA-8BE5-BA431FA4EE02}.Release|Any CPU.ActiveCfg = Release|Any CPU
		{BC4279B8-22B1-41BA-8BE5-BA431FA4EE02}.Release|Any CPU.Build.0 = Release|Any CPU
		{0E861475-2DE0-4372-9B4B-A2FD89BEC2F9}.Debug|Any CPU.ActiveCfg = Debug|Any CPU
		{0E861475-2DE0-4372-9B4B-A2FD89BEC2F9}.Debug|Any CPU.Build.0 = Debug|Any CPU
		{0E861475-2DE0-4372-9B4B-A2FD89BEC2F9}.Release|Any CPU.ActiveCfg = Release|Any CPU
		{0E861475-2DE0-4372-9B4B-A2FD89BEC2F9}.Release|Any CPU.Build.0 = Release|Any CPU
	EndGlobalSection
	GlobalSection(SolutionProperties) = preSolution
		HideSolutionNode = FALSE
	EndGlobalSection
	GlobalSection(ExtensibilityGlobals) = postSolution
		SolutionGuid = {1309ED80-61A0-47C2-AD06-E25DB334BC2F}
	EndGlobalSection
EndGlobal
